{
  "name": "@npmmaintea/glowing-broccoli",
  "version": "1.0.0",
  "lockfileVersion": 3,
  "requires": true,
  "packages": {
    "": {
      "name": "@npmmaintea/glowing-broccoli",
      "version": "1.0.0",
      "license": "MIT",
      "dependencies": {
        "@npmmaintea/potential-octo-dollop": "^1.0.0"
      }
    },
    "node_modules/@npmmaintea/potential-octo-dollop": {
      "version": "1.0.0",
      "resolved": "https://registry.npmjs.org/@npmmaintea/potential-octo-dollop/-/potential-octo-dollop-1.0.0.tgz",
      "integrity": "sha512-5BYvbSS2q1JAxsemJqME7A5z0vwHhOja1HpwB4Rlwt+0J0qVoPfCgRsPqrpb2l6a0c8o88ZpTF8JOedzDvj91w=="
    }
  }
}
